
Microsoft Visual Studio Solution File, Format Version 12.00
# Visual Studio Version 17
VisualStudioVersion = 17.14.36414.22
MinimumVisualStudioVersion = 10.0.40219.1
Project("{FAE04EC0-301F-11D3-BF4B-00C04F79EFBC}") = "Stage0", "Stage0\Stage0.csproj", "{67CE8FA6-EEA8-434A-ACD6-803D38D0969B}"
EndProject
Project("{FAE04EC0-301F-11D3-BF4B-00C04F79EFBC}") = "DalFacade", "DalFacade\DalFacade.csproj", "{CC5A28B4-47CE-45D2-AC11-0E4CE5D17895}"
EndProject
Project("{FAE04EC0-301F-11D3-BF4B-00C04F79EFBC}") = "DalTest", "DalTest\DalTest.csproj", "{A1214B50-1589-4ED9-8520-1A3DD5D03F6C}"
EndProject
Project("{FAE04EC0-301F-11D3-BF4B-00C04F79EFBC}") = "DalList", "DalList\DalList.csproj", "{095AF5BF-B99A-4A5C-B809-5E01D1DDB9EE}"
EndProject
Global
	GlobalSection(SolutionConfigurationPlatforms) = preSolution
		Debug|Any CPU = Debug|Any CPU
		Release|Any CPU = Release|Any CPU
	EndGlobalSection
	GlobalSection(ProjectConfigurationPlatforms) = postSolution
		{67CE8FA6-EEA8-434A-ACD6-803D38D0969B}.Debug|Any CPU.ActiveCfg = Debug|Any CPU
		{67CE8FA6-EEA8-434A-ACD6-803D38D0969B}.Debug|Any CPU.Build.0 = Debug|Any CPU
		{67CE8FA6-EEA8-434A-ACD6-803D38D0969B}.Release|Any CPU.ActiveCfg = Release|Any CPU
		{67CE8FA6-EEA8-434A-ACD6-803D38D0969B}.Release|Any CPU.Build.0 = Release|Any CPU
		{CC5A28B4-47CE-45D2-AC11-0E4CE5D17895}.Debug|Any CPU.ActiveCfg = Debug|Any CPU
		{CC5A28B4-47CE-45D2-AC11-0E4CE5D17895}.Debug|Any CPU.Build.0 = Debug|Any CPU
		{CC5A28B4-47CE-45D2-AC11-0E4CE5D17895}.Release|Any CPU.ActiveCfg = Release|Any CPU
		{CC5A28B4-47CE-45D2-AC11-0E4CE5D17895}.Release|Any CPU.Build.0 = Release|Any CPU
		{A1214B50-1589-4ED9-8520-1A3DD5D03F6C}.Debug|Any CPU.ActiveCfg = Debug|Any CPU
		{A1214B50-1589-4ED9-8520-1A3DD5D03F6C}.Debug|Any CPU.Build.0 = Debug|Any CPU
		{A1214B50-1589-4ED9-8520-1A3DD5D03F6C}.Release|Any CPU.ActiveCfg = Release|Any CPU
		{A1214B50-1589-4ED9-8520-1A3DD5D03F6C}.Release|Any CPU.Build.0 = Release|Any CPU
		{095AF5BF-B99A-4A5C-B809-5E01D1DDB9EE}.Debug|Any CPU.ActiveCfg = Debug|Any CPU
		{095AF5BF-B99A-4A5C-B809-5E01D1DDB9EE}.Debug|Any CPU.Build.0 = Debug|Any CPU
		{095AF5BF-B99A-4A5C-B809-5E01D1DDB9EE}.Release|Any CPU.ActiveCfg = Release|Any CPU
		{095AF5BF-B99A-4A5C-B809-5E01D1DDB9EE}.Release|Any CPU.Build.0 = Release|Any CPU
	EndGlobalSection
	GlobalSection(SolutionProperties) = preSolution
		HideSolutionNode = FALSE
	EndGlobalSection
	GlobalSection(ExtensibilityGlobals) = postSolution
		SolutionGuid = {0EA0153D-6403-43A6-AAF0-2C7A603C063A}
	EndGlobalSection
EndGlobal
